// !$*UTF8*$!
{
	archiveVersion = 1;
	classes = {
	};
	objectVersion = 48;
	objects = {

/* Begin PBXBuildFile section */
		F229EA11BBDA0B284343C8BE /* Pods_MJRefreshCustomize.framework in Frameworks */ = {isa = PBXBuildFile; fileRef = 40EEF5CD29048F2C64A04EDF /* Pods_MJRefreshCustomize.framework */; };
		FCECFAEE207DFA9C00B520AA /* AppDelegate.m in Sources */ = {isa = PBXBuildFile; fileRef = FCECFAED207DFA9C00B520AA /* AppDelegate.m */; };
		FCECFAF1207DFA9C00B520AA /* ViewController.m in Sources */ = {isa = PBXBuildFile; fileRef = FCECFAF0207DFA9C00B520AA /* ViewController.m */; };
		FCECFAF4207DFA9C00B520AA /* Main.storyboard in Resources */ = {isa = PBXBuildFile; fileRef = FCECFAF2207DFA9C00B520AA /* Main.storyboard */; };
		FCECFAF6207DFA9C00B520AA /* Assets.xcassets in Resources */ = {isa = PBXBuildFile; fileRef = FCECFAF5207DFA9C00B520AA /* Assets.xcassets */; };
		FCECFAF9207DFA9C00B520AA /* LaunchScreen.storyboard in Resources */ = {isa = PBXBuildFile; fileRef = FCECFAF7207DFA9C00B520AA /* LaunchScreen.storyboard */; };
		FCECFAFC207DFA9C00B520AA /* main.m in Sources */ = {isa = PBXBuildFile; fileRef = FCECFAFB207DFA9C00B520AA /* main.m */; };
		FCECFB06207DFA9D00B520AA /* MJRefreshCustomizeTests.m in Sources */ = {isa = PBXBuildFile; fileRef = FCECFB05207DFA9D00B520AA /* MJRefreshCustomizeTests.m */; };
		FCECFB11207DFA9D00B520AA /* MJRefreshCustomizeUITests.m in Sources */ = {isa = PBXBuildFile; fileRef = FCECFB10207DFA9D00B520AA /* MJRefreshCustomizeUITests.m */; };
		FCECFB27207E003300B520AA /* MJDIYSecondHeader.m in Sources */ = {isa = PBXBuildFile; fileRef = FCECFB24207E003300B520AA /* MJDIYSecondHeader.m */; };
		FCECFB28207E003300B520AA /* MJDIYHeader.m in Sources */ = {isa = PBXBuildFile; fileRef = FCECFB26207E003300B520AA /* MJDIYHeader.m */; };
		FCECFB2B207E00AE00B520AA /* NSTimer+timerBlock.m in Sources */ = {isa = PBXBuildFile; fileRef = FCECFB2A207E00AE00B520AA /* NSTimer+timerBlock.m */; };
		FCECFB2E207E014400B520AA /* UIColor+Additional.m in Sources */ = {isa = PBXBuildFile; fileRef = FCECFB2D207E014400B520AA /* UIColor+Additional.m */; };
		FCECFB31207E045000B520AA /* ViewController2.m in Sources */ = {isa = PBXBuildFile; fileRef = FCECFB30207E045000B520AA /* ViewController2.m */; };
		FCECFB34207E045D00B520AA /* ViewController3.m in Sources */ = {isa = PBXBuildFile; fileRef = FCECFB33207E045D00B520AA /* ViewController3.m */; };
/* End PBXBuildFile section */

/* Begin PBXContainerItemProxy section */
		FCECFB02207DFA9D00B520AA /* PBXContainerItemProxy */ = {
			isa = PBXContainerItemProxy;
			containerPortal = FCECFAE1207DFA9B00B520AA /* Project object */;
			proxyType = 1;
			remoteGlobalIDString = FCECFAE8207DFA9C00B520AA;
			remoteInfo = MJRefreshCustomize;
		};
		FCECFB0D207DFA9D00B520AA /* PBXContainerItemProxy */ = {
			isa = PBXContainerItemProxy;
			containerPortal = FCECFAE1207DFA9B00B520AA /* Project object */;
			proxyType = 1;
			remoteGlobalIDString = FCECFAE8207DFA9C00B520AA;
			remoteInfo = MJRefreshCustomize;
		};
/* End PBXContainerItemProxy section */

/* Begin PBXFileReference section */
		40EEF5CD29048F2C64A04EDF /* Pods_MJRefreshCustomize.framework */ = {isa = PBXFileReference; explicitFileType = wrapper.framework; includeInIndex = 0; path = Pods_MJRefreshCustomize.framework; sourceTree = BUILT_PRODUCTS_DIR; };
		46B9ADFC85B382AC0F4D9BF4 /* Pods-MJRefreshCustomize.debug.xcconfig */ = {isa = PBXFileReference; includeInIndex = 1; lastKnownFileType = text.xcconfig; name = "Pods-MJRefreshCustomize.debug.xcconfig"; path = "Pods/Target Support Files/Pods-MJRefreshCustomize/Pods-MJRefreshCustomize.debug.xcconfig"; sourceTree = "<group>"; };
		AEF049C6A87DB1F08ACB6C92 /* Pods-MJRefreshCustomize.release.xcconfig */ = {isa = PBXFileReference; includeInIndex = 1; lastKnownFileType = text.xcconfig; name = "Pods-MJRefreshCustomize.release.xcconfig"; path = "Pods/Target Support Files/Pods-MJRefreshCustomize/Pods-MJRefreshCustomize.release.xcconfig"; sourceTree = "<group>"; };
		FCECFAE9207DFA9C00B520AA /* MJRefreshCustomize.app */ = {isa = PBXFileReference; explicitFileType = wrapper.application; includeInIndex = 0; path = MJRefreshCustomize.app; sourceTree = BUILT_PRODUCTS_DIR; };
		FCECFAEC207DFA9C00B520AA /* AppDelegate.h */ = {isa = PBXFileReference; lastKnownFileType = sourcecode.c.h; path = AppDelegate.h; sourceTree = "<group>"; };
		FCECFAED207DFA9C00B520AA /* AppDelegate.m */ = {isa = PBXFileReference; lastKnownFileType = sourcecode.c.objc; path = AppDelegate.m; sourceTree = "<group>"; };
		FCECFAEF207DFA9C00B520AA /* ViewController.h */ = {isa = PBXFileReference; lastKnownFileType = sourcecode.c.h; path = ViewController.h; sourceTree = "<group>"; };
		FCECFAF0207DFA9C00B520AA /* ViewController.m */ = {isa = PBXFileReference; lastKnownFileType = sourcecode.c.objc; path = ViewController.m; sourceTree = "<group>"; };
		FCECFAF3207DFA9C00B520AA /* Base */ = {isa = PBXFileReference; lastKnownFileType = file.storyboard; name = Base; path = Base.lproj/Main.storyboard; sourceTree = "<group>"; };
		FCECFAF5207DFA9C00B520AA /* Assets.xcassets */ = {isa = PBXFileReference; lastKnownFileType = folder.assetcatalog; path = Assets.xcassets; sourceTree = "<group>"; };
		FCECFAF8207DFA9C00B520AA /* Base */ = {isa = PBXFileReference; lastKnownFileType = file.storyboard; name = Base; path = Base.lproj/LaunchScreen.storyboard; sourceTree = "<group>"; };
		FCECFAFA207DFA9C00B520AA /* Info.plist */ = {isa = PBXFileReference; lastKnownFileType = text.plist.xml; path = Info.plist; sourceTree = "<group>"; };
		FCECFAFB207DFA9C00B520AA /* main.m */ = {isa = PBXFileReference; lastKnownFileType = sourcecode.c.objc; path = main.m; sourceTree = "<group>"; };
		FCECFB01207DFA9D00B520AA /* MJRefreshCustomizeTests.xctest */ = {isa = PBXFileReference; explicitFileType = wrapper.cfbundle; includeInIndex = 0; path = MJRefreshCustomizeTests.xctest; sourceTree = BUILT_PRODUCTS_DIR; };
		FCECFB05207DFA9D00B520AA /* MJRefreshCustomizeTests.m */ = {isa = PBXFileReference; lastKnownFileType = sourcecode.c.objc; path = MJRefreshCustomizeTests.m; sourceTree = "<group>"; };
		FCECFB07207DFA9D00B520AA /* Info.plist */ = {isa = PBXFileReference; lastKnownFileType = text.plist.xml; path = Info.plist; sourceTree = "<group>"; };
		FCECFB0C207DFA9D00B520AA /* MJRefreshCustomizeUITests.xctest */ = {isa = PBXFileReference; explicitFileType = wrapper.cfbundle; includeInIndex = 0; path = MJRefreshCustomizeUITests.xctest; sourceTree = BUILT_PRODUCTS_DIR; };
		FCECFB10207DFA9D00B520AA /* MJRefreshCustomizeUITests.m */ = {isa = PBXFileReference; lastKnownFileType = sourcecode.c.objc; path = MJRefreshCustomizeUITests.m; sourceTree = "<group>"; };
		FCECFB12207DFA9D00B520AA /* Info.plist */ = {isa = PBXFileReference; lastKnownFileType = text.plist.xml; path = Info.plist; sourceTree = "<group>"; };
		FCECFB23207E003300B520AA /* MJDIYSecondHeader.h */ = {isa = PBXFileReference; fileEncoding = 4; lastKnownFileType = sourcecode.c.h; path = MJDIYSecondHeader.h; sourceTree = "<group>"; };
		FCECFB24207E003300B520AA /* MJDIYSecondHeader.m */ = {isa = PBXFileReference; fileEncoding = 4; lastKnownFileType = sourcecode.c.objc; path = MJDIYSecondHeader.m; sourceTree = "<group>"; };
		FCECFB25207E003300B520AA /* MJDIYHeader.h */ = {isa = PBXFileReference; fileEncoding = 4; lastKnownFileType = sourcecode.c.h; path = MJDIYHeader.h; sourceTree = "<group>"; };
		FCECFB26207E003300B520AA /* MJDIYHeader.m */ = {isa = PBXFileReference; fileEncoding = 4; lastKnownFileType = sourcecode.c.objc; path = MJDIYHeader.m; sourceTree = "<group>"; };
		FCECFB29207E00AD00B520AA /* NSTimer+timerBlock.h */ = {isa = PBXFileReference; lastKnownFileType = sourcecode.c.h; path = "NSTimer+timerBlock.h"; sourceTree = "<group>"; };
		FCECFB2A207E00AE00B520AA /* NSTimer+timerBlock.m */ = {isa = PBXFileReference; lastKnownFileType = sourcecode.c.objc; path = "NSTimer+timerBlock.m"; sourceTree = "<group>"; };
		FCECFB2C207E014300B520AA /* UIColor+Additional.h */ = {isa = PBXFileReference; lastKnownFileType = sourcecode.c.h; path = "UIColor+Additional.h"; sourceTree = "<group>"; };
		FCECFB2D207E014400B520AA /* UIColor+Additional.m */ = {isa = PBXFileReference; lastKnownFileType = sourcecode.c.objc; path = "UIColor+Additional.m"; sourceTree = "<group>"; };
		FCECFB2F207E045000B520AA /* ViewController2.h */ = {isa = PBXFileReference; lastKnownFileType = sourcecode.c.h; path = ViewController2.h; sourceTree = "<group>"; };
		FCECFB30207E045000B520AA /* ViewController2.m */ = {isa = PBXFileReference; lastKnownFileType = sourcecode.c.objc; path = ViewController2.m; sourceTree = "<group>"; };
		FCECFB32207E045D00B520AA /* ViewController3.h */ = {isa = PBXFileReference; lastKnownFileType = sourcecode.c.h; path = ViewController3.h; sourceTree = "<group>"; };
		FCECFB33207E045D00B520AA /* ViewController3.m */ = {isa = PBXFileReference; lastKnownFileType = sourcecode.c.objc; path = ViewController3.m; sourceTree = "<group>"; };
/* End PBXFileReference section */

/* Begin PBXFrameworksBuildPhase section */
		FCECFAE6207DFA9C00B520AA /* Frameworks */ = {
			isa = PBXFrameworksBuildPhase;
			buildActionMask = 2147483647;
			files = (
				F229EA11BBDA0B284343C8BE /* Pods_MJRefreshCustomize.framework in Frameworks */,
			);
			runOnlyForDeploymentPostprocessing = 0;
		};
		FCECFAFE207DFA9D00B520AA /* Frameworks */ = {
			isa = PBXFrameworksBuildPhase;
			buildActionMask = 2147483647;
			files = (
			);
			runOnlyForDeploymentPostprocessing = 0;
		};
		FCECFB09207DFA9D00B520AA /* Frameworks */ = {
			isa = PBXFrameworksBuildPhase;
			buildActionMask = 2147483647;
			files = (
			);
			runOnlyForDeploymentPostprocessing = 0;
		};
/* End PBXFrameworksBuildPhase section */

/* Begin PBXGroup section */
		22F634DA80C74453277C9EA6 /* Frameworks */ = {
			isa = PBXGroup;
			children = (
				40EEF5CD29048F2C64A04EDF /* Pods_MJRefreshCustomize.framework */,
			);
			name = Frameworks;
			sourceTree = "<group>";
		};
		E10D2616B0D71373AF58881A /* Pods */ = {
			isa = PBXGroup;
			children = (
				46B9ADFC85B382AC0F4D9BF4 /* Pods-MJRefreshCustomize.debug.xcconfig */,
				AEF049C6A87DB1F08ACB6C92 /* Pods-MJRefreshCustomize.release.xcconfig */,
			);
			name = Pods;
			sourceTree = "<group>";
		};
		FCECFAE0207DFA9B00B520AA = {
			isa = PBXGroup;
			children = (
				FCECFAEB207DFA9C00B520AA /* MJRefreshCustomize */,
				FCECFB04207DFA9D00B520AA /* MJRefreshCustomizeTests */,
				FCECFB0F207DFA9D00B520AA /* MJRefreshCustomizeUITests */,
				FCECFAEA207DFA9C00B520AA /* Products */,
				E10D2616B0D71373AF58881A /* Pods */,
				22F634DA80C74453277C9EA6 /* Frameworks */,
			);
			sourceTree = "<group>";
		};
		FCECFAEA207DFA9C00B520AA /* Products */ = {
			isa = PBXGroup;
			children = (
				FCECFAE9207DFA9C00B520AA /* MJRefreshCustomize.app */,
				FCECFB01207DFA9D00B520AA /* MJRefreshCustomizeTests.xctest */,
				FCECFB0C207DFA9D00B520AA /* MJRefreshCustomizeUITests.xctest */,
			);
			name = Products;
			sourceTree = "<group>";
		};
		FCECFAEB207DFA9C00B520AA /* MJRefreshCustomize */ = {
			isa = PBXGroup;
			children = (
				FCECFB1E207DFD3200B520AA /* DIY */,
				FCECFAEC207DFA9C00B520AA /* AppDelegate.h */,
				FCECFAED207DFA9C00B520AA /* AppDelegate.m */,
				FCECFAEF207DFA9C00B520AA /* ViewController.h */,
				FCECFAF0207DFA9C00B520AA /* ViewController.m */,
				FCECFB2F207E045000B520AA /* ViewController2.h */,
				FCECFB30207E045000B520AA /* ViewController2.m */,
				FCECFB32207E045D00B520AA /* ViewController3.h */,
				FCECFB33207E045D00B520AA /* ViewController3.m */,
				FCECFAF2207DFA9C00B520AA /* Main.storyboard */,
				FCECFAF5207DFA9C00B520AA /* Assets.xcassets */,
				FCECFAF7207DFA9C00B520AA /* LaunchScreen.storyboard */,
				FCECFAFA207DFA9C00B520AA /* Info.plist */,
				FCECFAFB207DFA9C00B520AA /* main.m */,
			);
			path = MJRefreshCustomize;
			sourceTree = "<group>";
		};
		FCECFB04207DFA9D00B520AA /* MJRefreshCustomizeTests */ = {
			isa = PBXGroup;
			children = (
				FCECFB05207DFA9D00B520AA /* MJRefreshCustomizeTests.m */,
				FCECFB07207DFA9D00B520AA /* Info.plist */,
			);
			path = MJRefreshCustomizeTests;
			sourceTree = "<group>";
		};
		FCECFB0F207DFA9D00B520AA /* MJRefreshCustomizeUITests */ = {
			isa = PBXGroup;
			children = (
				FCECFB10207DFA9D00B520AA /* MJRefreshCustomizeUITests.m */,
				FCECFB12207DFA9D00B520AA /* Info.plist */,
			);
			path = MJRefreshCustomizeUITests;
			sourceTree = "<group>";
		};
		FCECFB1E207DFD3200B520AA /* DIY */ = {
			isa = PBXGroup;
			children = (
				FCECFB2C207E014300B520AA /* UIColor+Additional.h */,
				FCECFB2D207E014400B520AA /* UIColor+Additional.m */,
				FCECFB29207E00AD00B520AA /* NSTimer+timerBlock.h */,
				FCECFB2A207E00AE00B520AA /* NSTimer+timerBlock.m */,
				FCECFB25207E003300B520AA /* MJDIYHeader.h */,
				FCECFB26207E003300B520AA /* MJDIYHeader.m */,
				FCECFB23207E003300B520AA /* MJDIYSecondHeader.h */,
				FCECFB24207E003300B520AA /* MJDIYSecondHeader.m */,
			);
			path = DIY;
			sourceTree = "<group>";
		};
/* End PBXGroup section */

/* Begin PBXNativeTarget section */
		FCECFAE8207DFA9C00B520AA /* MJRefreshCustomize */ = {
			isa = PBXNativeTarget;
			buildConfigurationList = FCECFB15207DFA9D00B520AA /* Build configuration list for PBXNativeTarget "MJRefreshCustomize" */;
			buildPhases = (
				EC025C283A39DDC14DC6EE23 /* [CP] Check Pods Manifest.lock */,
				FCECFAE5207DFA9C00B520AA /* Sources */,
				FCECFAE6207DFA9C00B520AA /* Frameworks */,
				FCECFAE7207DFA9C00B520AA /* Resources */,
				7B9754C0AA5B33AB6C30E70C /* [CP] Embed Pods Frameworks */,
				258228198572FDCDED02A597 /* [CP] Copy Pods Resources */,
			);
			buildRules = (
			);
			dependencies = (
			);
			name = MJRefreshCustomize;
			productName = MJRefreshCustomize;
			productReference = FCECFAE9207DFA9C00B520AA /* MJRefreshCustomize.app */;
			productType = "com.apple.product-type.application";
		};
		FCECFB00207DFA9D00B520AA /* MJRefreshCustomizeTests */ = {
			isa = PBXNativeTarget;
			buildConfigurationList = FCECFB18207DFA9D00B520AA /* Build configuration list for PBXNativeTarget "MJRefreshCustomizeTests" */;
			buildPhases = (
				FCECFAFD207DFA9D00B520AA /* Sources */,
				FCECFAFE207DFA9D00B520AA /* Frameworks */,
				FCECFAFF207DFA9D00B520AA /* Resources */,
			);
			buildRules = (
			);
			dependencies = (
				FCECFB03207DFA9D00B520AA /* PBXTargetDependency */,
			);
			name = MJRefreshCustomizeTests;
			productName = MJRefreshCustomizeTests;
			productReference = FCECFB01207DFA9D00B520AA /* MJRefreshCustomizeTests.xctest */;
			productType = "com.apple.product-type.bundle.unit-test";
		};
		FCECFB0B207DFA9D00B520AA /* MJRefreshCustomizeUITests */ = {
			isa = PBXNativeTarget;
			buildConfigurationList = FCECFB1B207DFA9D00B520AA /* Build configuration list for PBXNativeTarget "MJRefreshCustomizeUITests" */;
			buildPhases = (
				FCECFB08207DFA9D00B520AA /* Sources */,
				FCECFB09207DFA9D00B520AA /* Frameworks */,
				FCECFB0A207DFA9D00B520AA /* Resources */,
			);
			buildRules = (
			);
			dependencies = (
				FCECFB0E207DFA9D00B520AA /* PBXTargetDependency */,
			);
			name = MJRefreshCustomizeUITests;
			productName = MJRefreshCustomizeUITests;
			productReference = FCECFB0C207DFA9D00B520AA /* MJRefreshCustomizeUITests.xctest */;
			productType = "com.apple.product-type.bundle.ui-testing";
		};
/* End PBXNativeTarget section */

/* Begin PBXProject section */
		FCECFAE1207DFA9B00B520AA /* Project object */ = {
			isa = PBXProject;
			attributes = {
				LastUpgradeCheck = 0900;
				ORGANIZATIONNAME = qjmac;
				TargetAttributes = {
					FCECFAE8207DFA9C00B520AA = {
						CreatedOnToolsVersion = 9.0;
						ProvisioningStyle = Automatic;
					};
					FCECFB00207DFA9D00B520AA = {
						CreatedOnToolsVersion = 9.0;
						ProvisioningStyle = Automatic;
						TestTargetID = FCECFAE8207DFA9C00B520AA;
					};
					FCECFB0B207DFA9D00B520AA = {
						CreatedOnToolsVersion = 9.0;
						ProvisioningStyle = Automatic;
						TestTargetID = FCECFAE8207DFA9C00B520AA;
					};
				};
			};
			buildConfigurationList = FCECFAE4207DFA9B00B520AA /* Build configuration list for PBXProject "MJRefreshCustomize" */;
			compatibilityVersion = "Xcode 8.0";
			developmentRegion = en;
			hasScannedForEncodings = 0;
			knownRegions = (
				en,
				Base,
			);
			mainGroup = FCECFAE0207DFA9B00B520AA;
			productRefGroup = FCECFAEA207DFA9C00B520AA /* Products */;
			projectDirPath = "";
			projectRoot = "";
			targets = (
				FCECFAE8207DFA9C00B520AA /* MJRefreshCustomize */,
				FCECFB00207DFA9D00B520AA /* MJRefreshCustomizeTests */,
				FCECFB0B207DFA9D00B520AA /* MJRefreshCustomizeUITests */,
			);
		};
/* End PBXProject section */

/* Begin PBXResourcesBuildPhase section */
		FCECFAE7207DFA9C00B520AA /* Resources */ = {
			isa = PBXResourcesBuildPhase;
			buildActionMask = 2147483647;
			files = (
				FCECFAF9207DFA9C00B520AA /* LaunchScreen.storyboard in Resources */,
				FCECFAF6207DFA9C00B520AA /* Assets.xcassets in Resources */,
				FCECFAF4207DFA9C00B520AA /* Main.storyboard in Resources */,
			);
			runOnlyForDeploymentPostprocessing = 0;
		};
		FCECFAFF207DFA9D00B520AA /* Resources */ = {
			isa = PBXResourcesBuildPhase;
			buildActionMask = 2147483647;
			files = (
			);
			runOnlyForDeploymentPostprocessing = 0;
		};
		FCECFB0A207DFA9D00B520AA /* Resources */ = {
			isa = PBXResourcesBuildPhase;
			buildActionMask = 2147483647;
			files = (
			);
			runOnlyForDeploymentPostprocessing = 0;
		};
/* End PBXResourcesBuildPhase section */

/* Begin PBXShellScriptBuildPhase section */
		258228198572FDCDED02A597 /* [CP] Copy Pods Resources */ = {
			isa = PBXShellScriptBuildPhase;
			buildActionMask = 2147483647;
			files = (
			);
			inputPaths = (
			);
			name = "[CP] Copy Pods Resources";
			outputPaths = (
			);
			runOnlyForDeploymentPostprocessing = 0;
			shellPath = /bin/sh;
			shellScript = "\"${SRCROOT}/Pods/Target Support Files/Pods-MJRefreshCustomize/Pods-MJRefreshCustomize-resources.sh\"\n";
			showEnvVarsInLog = 0;
		};
		7B9754C0AA5B33AB6C30E70C /* [CP] Embed Pods Frameworks */ = {
			isa = PBXShellScriptBuildPhase;
			buildActionMask = 2147483647;
			files = (
			);
			inputPaths = (
			);
			name = "[CP] Embed Pods Frameworks";
			outputPaths = (
			);
			runOnlyForDeploymentPostprocessing = 0;
			shellPath = /bin/sh;
			shellScript = "\"${SRCROOT}/Pods/Target Support Files/Pods-MJRefreshCustomize/Pods-MJRefreshCustomize-frameworks.sh\"\n";
			showEnvVarsInLog = 0;
		};
		EC025C283A39DDC14DC6EE23 /* [CP] Check Pods Manifest.lock */ = {
			isa = PBXShellScriptBuildPhase;
			buildActionMask = 2147483647;
			files = (
			);
			inputPaths = (
			);
			name = "[CP] Check Pods Manifest.lock";
			outputPaths = (
			);
			runOnlyForDeploymentPostprocessing = 0;
			shellPath = /bin/sh;
			shellScript = "diff \"${PODS_PODFILE_DIR_PATH}/Podfile.lock\" \"${PODS_ROOT}/Manifest.lock\" > /dev/null\nif [ $? != 0 ] ; then\n    # print error to STDERR\n    echo \"error: The sandbox is not in sync with the Podfile.lock. Run 'pod install' or update your CocoaPods installation.\" >&2\n    exit 1\nfi\n";
			showEnvVarsInLog = 0;
		};
/* End PBXShellScriptBuildPhase section */

/* Begin PBXSourcesBuildPhase section */
		FCECFAE5207DFA9C00B520AA /* Sources */ = {
			isa = PBXSourcesBuildPhase;
			buildActionMask = 2147483647;
			files = (
				FCECFB28207E003300B520AA /* MJDIYHeader.m in Sources */,
				FCECFB27207E003300B520AA /* MJDIYSecondHeader.m in Sources */,
				FCECFB34207E045D00B520AA /* ViewController3.m in Sources */,
				FCECFAF1207DFA9C00B520AA /* ViewController.m in Sources */,
				FCECFB2E207E014400B520AA /* UIColor+Additional.m in Sources */,
				FCECFAFC207DFA9C00B520AA /* main.m in Sources */,
				FCECFB31207E045000B520AA /* ViewController2.m in Sources */,
				FCECFB2B207E00AE00B520AA /* NSTimer+timerBlock.m in Sources */,
				FCECFAEE207DFA9C00B520AA /* AppDelegate.m in Sources */,
			);
			runOnlyForDeploymentPostprocessing = 0;
		};
		FCECFAFD207DFA9D00B520AA /* Sources */ = {
			isa = PBXSourcesBuildPhase;
			buildActionMask = 2147483647;
			files = (
				FCECFB06207DFA9D00B520AA /* MJRefreshCustomizeTests.m in Sources */,
			);
			runOnlyForDeploymentPostprocessing = 0;
		};
		FCECFB08207DFA9D00B520AA /* Sources */ = {
			isa = PBXSourcesBuildPhase;
			buildActionMask = 2147483647;
			files = (
				FCECFB11207DFA9D00B520AA /* MJRefreshCustomizeUITests.m in Sources */,
			);
			runOnlyForDeploymentPostprocessing = 0;
		};
/* End PBXSourcesBuildPhase section */

/* Begin PBXTargetDependency section */
		FCECFB03207DFA9D00B520AA /* PBXTargetDependency */ = {
			isa = PBXTargetDependency;
			target = FCECFAE8207DFA9C00B520AA /* MJRefreshCustomize */;
			targetProxy = FCECFB02207DFA9D00B520AA /* PBXContainerItemProxy */;
		};
		FCECFB0E207DFA9D00B520AA /* PBXTargetDependency */ = {
			isa = PBXTargetDependency;
			target = FCECFAE8207DFA9C00B520AA /* MJRefreshCustomize */;
			targetProxy = FCECFB0D207DFA9D00B520AA /* PBXContainerItemProxy */;
		};
/* End PBXTargetDependency section */

/* Begin PBXVariantGroup section */
		FCECFAF2207DFA9C00B520AA /* Main.storyboard */ = {
			isa = PBXVariantGroup;
			children = (
				FCECFAF3207DFA9C00B520AA /* Base */,
			);
			name = Main.storyboard;
			sourceTree = "<group>";
		};
		FCECFAF7207DFA9C00B520AA /* LaunchScreen.storyboard */ = {
			isa = PBXVariantGroup;
			children = (
				FCECFAF8207DFA9C00B520AA /* Base */,
			);
			name = LaunchScreen.storyboard;
			sourceTree = "<group>";
		};
/* End PBXVariantGroup section */

/* Begin XCBuildConfiguration section */
		FCECFB13207DFA9D00B520AA /* Debug */ = {
			isa = XCBuildConfiguration;
			buildSettings = {
				ALWAYS_SEARCH_USER_PATHS = NO;
				CLANG_ANALYZER_NONNULL = YES;
				CLANG_ANALYZER_NUMBER_OBJECT_CONVERSION = YES_AGGRESSIVE;
				CLANG_CXX_LANGUAGE_STANDARD = "gnu++14";
				CLANG_CXX_LIBRARY = "libc++";
				CLANG_ENABLE_MODULES = YES;
				CLANG_ENABLE_OBJC_ARC = YES;
				CLANG_WARN_BLOCK_CAPTURE_AUTORELEASING = YES;
				CLANG_WARN_BOOL_CONVERSION = YES;
				CLANG_WARN_COMMA = YES;
				CLANG_WARN_CONSTANT_CONVERSION = YES;
				CLANG_WARN_DIRECT_OBJC_ISA_USAGE = YES_ERROR;
				CLANG_WARN_DOCUMENTATION_COMMENTS = YES;
				CLANG_WARN_EMPTY_BODY = YES;
				CLANG_WARN_ENUM_CONVERSION = YES;
				CLANG_WARN_INFINITE_RECURSION = YES;
				CLANG_WARN_INT_CONVERSION = YES;
				CLANG_WARN_NON_LITERAL_NULL_CONVERSION = YES;
				CLANG_WARN_OBJC_LITERAL_CONVERSION = YES;
				CLANG_WARN_OBJC_ROOT_CLASS = YES_ERROR;
				CLANG_WARN_RANGE_LOOP_ANALYSIS = YES;
				CLANG_WARN_STRICT_PROTOTYPES = YES;
				CLANG_WARN_SUSPICIOUS_MOVE = YES;
				CLANG_WARN_UNGUARDED_AVAILABILITY = YES_AGGRESSIVE;
				CLANG_WARN_UNREACHABLE_CODE = YES;
				CLANG_WARN__DUPLICATE_METHOD_MATCH = YES;
				CODE_SIGN_IDENTITY = "iPhone Developer";
				COPY_PHASE_STRIP = NO;
				DEBUG_INFORMATION_FORMAT = dwarf;
				ENABLE_STRICT_OBJC_MSGSEND = YES;
				ENABLE_TESTABILITY = YES;
				GCC_C_LANGUAGE_STANDARD = gnu11;
				GCC_DYNAMIC_NO_PIC = NO;
				GCC_NO_COMMON_BLOCKS = YES;
				GCC_OPTIMIZATION_LEVEL = 0;
				GCC_PREPROCESSOR_DEFINITIONS = (
					"DEBUG=1",
					"$(inherited)",
				);
				GCC_WARN_64_TO_32_BIT_CONVERSION = YES;
				GCC_WARN_ABOUT_RETURN_TYPE = YES_ERROR;
				GCC_WARN_UNDECLARED_SELECTOR = YES;
				GCC_WARN_UNINITIALIZED_AUTOS = YES_AGGRESSIVE;
				GCC_WARN_UNUSED_FUNCTION = YES;
				GCC_WARN_UNUSED_VARIABLE = YES;
				IPHONEOS_DEPLOYMENT_TARGET = 11.0;
				MTL_ENABLE_DEBUG_INFO = YES;
				ONLY_ACTIVE_ARCH = YES;
				SDKROOT = iphoneos;
			};
			name = Debug;
		};
		FCECFB14207DFA9D00B520AA /* Release */ = {
			isa = XCBuildConfiguration;
			buildSettings = {
				ALWAYS_SEARCH_USER_PATHS = NO;
				CLANG_ANALYZER_NONNULL = YES;
				CLANG_ANALYZER_NUMBER_OBJECT_CONVERSION = YES_AGGRESSIVE;
				CLANG_CXX_LANGUAGE_STANDARD = "gnu++14";
				CLANG_CXX_LIBRARY = "libc++";
				CLANG_ENABLE_MODULES = YES;
				CLANG_ENABLE_OBJC_ARC = YES;
				CLANG_WARN_BLOCK_CAPTURE_AUTORELEASING = YES;
				CLANG_WARN_BOOL_CONVERSION = YES;
				CLANG_WARN_COMMA = YES;
				CLANG_WARN_CONSTANT_CONVERSION = YES;
				CLANG_WARN_DIRECT_OBJC_ISA_USAGE = YES_ERROR;
				CLANG_WARN_DOCUMENTATION_COMMENTS = YES;
				CLANG_WARN_EMPTY_BODY = YES;
				CLANG_WARN_ENUM_CONVERSION = YES;
				CLANG_WARN_INFINITE_RECURSION = YES;
				CLANG_WARN_INT_CONVERSION = YES;
				CLANG_WARN_NON_LITERAL_NULL_CONVERSION = YES;
				CLANG_WARN_OBJC_LITERAL_CONVERSION = YES;
				CLANG_WARN_OBJC_ROOT_CLASS = YES_ERROR;
				CLANG_WARN_RANGE_LOOP_ANALYSIS = YES;
				CLANG_WARN_STRICT_PROTOTYPES = YES;
				CLANG_WARN_SUSPICIOUS_MOVE = YES;
				CLANG_WARN_UNGUARDED_AVAILABILITY = YES_AGGRESSIVE;
				CLANG_WARN_UNREACHABLE_CODE = YES;
				CLANG_WARN__DUPLICATE_METHOD_MATCH = YES;
				CODE_SIGN_IDENTITY = "iPhone Developer";
				COPY_PHASE_STRIP = NO;
				DEBUG_INFORMATION_FORMAT = "dwarf-with-dsym";
				ENABLE_NS_ASSERTIONS = NO;
				ENABLE_STRICT_OBJC_MSGSEND = YES;
				GCC_C_LANGUAGE_STANDARD = gnu11;
				GCC_NO_COMMON_BLOCKS = YES;
				GCC_WARN_64_TO_32_BIT_CONVERSION = YES;
				GCC_WARN_ABOUT_RETURN_TYPE = YES_ERROR;
				GCC_WARN_UNDECLARED_SELECTOR = YES;
				GCC_WARN_UNINITIALIZED_AUTOS = YES_AGGRESSIVE;
				GCC_WARN_UNUSED_FUNCTION = YES;
				GCC_WARN_UNUSED_VARIABLE = YES;
				IPHONEOS_DEPLOYMENT_TARGET = 11.0;
				MTL_ENABLE_DEBUG_INFO = NO;
				SDKROOT = iphoneos;
				VALIDATE_PRODUCT = YES;
			};
			name = Release;
		};
		FCECFB16207DFA9D00B520AA /* Debug */ = {
			isa = XCBuildConfiguration;
			baseConfigurationReference = 46B9ADFC85B382AC0F4D9BF4 /* Pods-MJRefreshCustomize.debug.xcconfig */;
			buildSettings = {
				ASSETCATALOG_COMPILER_APPICON_NAME = AppIcon;
				CODE_SIGN_STYLE = Automatic;
				DEVELOPMENT_TEAM = 49QL38VYXX;
				INFOPLIST_FILE = MJRefreshCustomize/Info.plist;
				IPHONEOS_DEPLOYMENT_TARGET = 8.0;
				LD_RUNPATH_SEARCH_PATHS = "$(inherited) @executable_path/Frameworks";
				PRODUCT_BUNDLE_IDENTIFIER = com.bcc.MJRefreshCustomize;
				PRODUCT_NAME = "$(TARGET_NAME)";
				TARGETED_DEVICE_FAMILY = "1,2";
			};
			name = Debug;
		};
		FCECFB17207DFA9D00B520AA /* Release */ = {
			isa = XCBuildConfiguration;
			baseConfigurationReference = AEF049C6A87DB1F08ACB6C92 /* Pods-MJRefreshCustomize.release.xcconfig */;
			buildSettings = {
				ASSETCATALOG_COMPILER_APPICON_NAME = AppIcon;
				CODE_SIGN_STYLE = Automatic;
				DEVELOPMENT_TEAM = 49QL38VYXX;
				INFOPLIST_FILE = MJRefreshCustomize/Info.plist;
				IPHONEOS_DEPLOYMENT_TARGET = 8.0;
				LD_RUNPATH_SEARCH_PATHS = "$(inherited) @executable_path/Frameworks";
				PRODUCT_BUNDLE_IDENTIFIER = com.bcc.MJRefreshCustomize;
				PRODUCT_NAME = "$(TARGET_NAME)";
				TARGETED_DEVICE_FAMILY = "1,2";
			};
			name = Release;
		};
		FCECFB19207DFA9D00B520AA /* Debug */ = {
			isa = XCBuildConfiguration;
			buildSettings = {
				BUNDLE_LOADER = "$(TEST_HOST)";
				CODE_SIGN_STYLE = Automatic;
				DEVELOPMENT_TEAM = 49QL38VYXX;
				INFOPLIST_FILE = MJRefreshCustomizeTests/Info.plist;
				LD_RUNPATH_SEARCH_PATHS = "$(inherited) @executable_path/Frameworks @loader_path/Frameworks";
				PRODUCT_BUNDLE_IDENTIFIER = com.bcc.MJRefreshCustomizeTests;
				PRODUCT_NAME = "$(TARGET_NAME)";
				TARGETED_DEVICE_FAMILY = "1,2";
				TEST_HOST = "$(BUILT_PRODUCTS_DIR)/MJRefreshCustomize.app/MJRefreshCustomize";
			};
			name = Debug;
		};
		FCECFB1A207DFA9D00B520AA /* Release */ = {
			isa = XCBuildConfiguration;
			buildSettings = {
				BUNDLE_LOADER = "$(TEST_HOST)";
				CODE_SIGN_STYLE = Automatic;
				DEVELOPMENT_TEAM = 49QL38VYXX;
				INFOPLIST_FILE = MJRefreshCustomizeTests/Info.plist;
				LD_RUNPATH_SEARCH_PATHS = "$(inherited) @executable_path/Frameworks @loader_path/Frameworks";
				PRODUCT_BUNDLE_IDENTIFIER = com.bcc.MJRefreshCustomizeTests;
				PRODUCT_NAME = "$(TARGET_NAME)";
				TARGETED_DEVICE_FAMILY = "1,2";
				TEST_HOST = "$(BUILT_PRODUCTS_DIR)/MJRefreshCustomize.app/MJRefreshCustomize";
			};
			name = Release;
		};
		FCECFB1C207DFA9D00B520AA /* Debug */ = {
			isa = XCBuildConfiguration;
			buildSettings = {
				CODE_SIGN_STYLE = Automatic;
				DEVELOPMENT_TEAM = 49QL38VYXX;
				INFOPLIST_FILE = MJRefreshCustomizeUITests/Info.plist;
				LD_RUNPATH_SEARCH_PATHS = "$(inherited) @executable_path/Frameworks @loader_path/Frameworks";
				PRODUCT_BUNDLE_IDENTIFIER = com.bcc.MJRefreshCustomizeUITests;
				PRODUCT_NAME = "$(TARGET_NAME)";
				TARGETED_DEVICE_FAMILY = "1,2";
				TEST_TARGET_NAME = MJRefreshCustomize;
			};
			name = Debug;
		};
		FCECFB1D207DFA9D00B520AA /* Release */ = {
			isa = XCBuildConfiguration;
			buildSettings = {
				CODE_SIGN_STYLE = Automatic;
				DEVELOPMENT_TEAM = 49QL38VYXX;
				INFOPLIST_FILE = MJRefreshCustomizeUITests/Info.plist;
				LD_RUNPATH_SEARCH_PATHS = "$(inherited) @executable_path/Frameworks @loader_path/Frameworks";
				PRODUCT_BUNDLE_IDENTIFIER = com.bcc.MJRefreshCustomizeUITests;
				PRODUCT_NAME = "$(TARGET_NAME)";
				TARGETED_DEVICE_FAMILY = "1,2";
				TEST_TARGET_NAME = MJRefreshCustomize;
			};
			name = Release;
		};
/* End XCBuildConfiguration section */

/* Begin XCConfigurationList section */
		FCECFAE4207DFA9B00B520AA /* Build configuration list for PBXProject "MJRefreshCustomize" */ = {
			isa = XCConfigurationList;
			buildConfigurations = (
				FCECFB13207DFA9D00B520AA /* Debug */,
				FCECFB14207DFA9D00B520AA /* Release */,
			);
			defaultConfigurationIsVisible = 0;
			defaultConfigurationName = Release;
		};
		FCECFB15207DFA9D00B520AA /* Build configuration list for PBXNativeTarget "MJRefreshCustomize" */ = {
			isa = XCConfigurationList;
			buildConfigurations = (
				FCECFB16207DFA9D00B520AA /* Debug */,
				FCECFB17207DFA9D00B520AA /* Release */,
			);
			defaultConfigurationIsVisible = 0;
			defaultConfigurationName = Release;
		};
		FCECFB18207DFA9D00B520AA /* Build configuration list for PBXNativeTarget "MJRefreshCustomizeTests" */ = {
			isa = XCConfigurationList;
			buildConfigurations = (
				FCECFB19207DFA9D00B520AA /* Debug */,
				FCECFB1A207DFA9D00B520AA /* Release */,
			);
			defaultConfigurationIsVisible = 0;
			defaultConfigurationName = Release;
		};
		FCECFB1B207DFA9D00B520AA /* Build configuration list for PBXNativeTarget "MJRefreshCustomizeUITests" */ = {
			isa = XCConfigurationList;
			buildConfigurations = (
				FCECFB1C207DFA9D00B520AA /* Debug */,
				FCECFB1D207DFA9D00B520AA /* Release */,
			);
			defaultConfigurationIsVisible = 0;
			defaultConfigurationName = Release;
		};
/* End XCConfigurationList section */
	};
	rootObject = FCECFAE1207DFA9B00B520AA /* Project object */;
}
